// !$*UTF8*$!
{
	archiveVersion = 1;
	classes = {
	};
	objectVersion = 55;
	objects = {

/* Begin PBXBuildFile section */
		72B445832909EFF00047905C /* AppDelegate.swift in Sources */ = {isa = PBXBuildFile; fileRef = 72B445822909EFF00047905C /* AppDelegate.swift */; };
		72B445852909EFF00047905C /* SceneDelegate.swift in Sources */ = {isa = PBXBuildFile; fileRef = 72B445842909EFF00047905C /* SceneDelegate.swift */; };
		72B4458C2909EFF50047905C /* Assets.xcassets in Resources */ = {isa = PBXBuildFile; fileRef = 72B4458B2909EFF50047905C /* Assets.xcassets */; };
		72B4458F2909EFF50047905C /* LaunchScreen.storyboard in Resources */ = {isa = PBXBuildFile; fileRef = 72B4458D2909EFF50047905C /* LaunchScreen.storyboard */; };
		93CF5FAF290B138D0028F7E9 /* TabbarController.swift in Sources */ = {isa = PBXBuildFile; fileRef = 93CF5FAE290B138D0028F7E9 /* TabbarController.swift */; };
		93CF5FB2290B187D0028F7E9 /* Realm in Frameworks */ = {isa = PBXBuildFile; productRef = 93CF5FB1290B187D0028F7E9 /* Realm */; };
		93CF5FB4290B187D0028F7E9 /* RealmSwift in Frameworks */ = {isa = PBXBuildFile; productRef = 93CF5FB3290B187D0028F7E9 /* RealmSwift */; };
		93CF5FB7290B190E0028F7E9 /* NetworkManager.swift in Sources */ = {isa = PBXBuildFile; fileRef = 93CF5FB6290B190E0028F7E9 /* NetworkManager.swift */; };
		93CF5FB9290B1B810028F7E9 /* NetworkError.swift in Sources */ = {isa = PBXBuildFile; fileRef = 93CF5FB8290B1B810028F7E9 /* NetworkError.swift */; };
		93CF5FBB290B1CEC0028F7E9 /* GithubUserAPIProtocol.swift in Sources */ = {isa = PBXBuildFile; fileRef = 93CF5FBA290B1CEC0028F7E9 /* GithubUserAPIProtocol.swift */; };
		93CF5FBE290B1D1B0028F7E9 /* UserModel.swift in Sources */ = {isa = PBXBuildFile; fileRef = 93CF5FBD290B1D1B0028F7E9 /* UserModel.swift */; };
		93CF5FC0290B1DA60028F7E9 /* GithubUserAPIEndpoint.swift in Sources */ = {isa = PBXBuildFile; fileRef = 93CF5FBF290B1DA60028F7E9 /* GithubUserAPIEndpoint.swift */; };
		93CF5FC2290B21030028F7E9 /* GithubUserNetworking.swift in Sources */ = {isa = PBXBuildFile; fileRef = 93CF5FC1290B21030028F7E9 /* GithubUserNetworking.swift */; };
		93CF5FC5290B23370028F7E9 /* UserService.swift in Sources */ = {isa = PBXBuildFile; fileRef = 93CF5FC4290B23370028F7E9 /* UserService.swift */; };
		93CF5FC9290B271F0028F7E9 /* HomeViewModel.swift in Sources */ = {isa = PBXBuildFile; fileRef = 93CF5FC8290B271F0028F7E9 /* HomeViewModel.swift */; };
		93CF5FCB290B273C0028F7E9 /* HomeViewController.swift in Sources */ = {isa = PBXBuildFile; fileRef = 93CF5FCA290B273C0028F7E9 /* HomeViewController.swift */; };
		93CF5FCF290B282D0028F7E9 /* FavouriteViewController.swift in Sources */ = {isa = PBXBuildFile; fileRef = 93CF5FCE290B282D0028F7E9 /* FavouriteViewController.swift */; };
		93CF5FD1290B283F0028F7E9 /* FavouriteViewModel.swift in Sources */ = {isa = PBXBuildFile; fileRef = 93CF5FD0290B283F0028F7E9 /* FavouriteViewModel.swift */; };
		93CF5FD6290B30820028F7E9 /* Extensions.swift in Sources */ = {isa = PBXBuildFile; fileRef = 93CF5FD5290B30820028F7E9 /* Extensions.swift */; };
		93CF5FDB290B3E430028F7E9 /* UserCell.swift in Sources */ = {isa = PBXBuildFile; fileRef = 93CF5FDA290B3E430028F7E9 /* UserCell.swift */; };
		93CF5FDD290B52070028F7E9 /* UserCellImageDownloader.swift in Sources */ = {isa = PBXBuildFile; fileRef = 93CF5FDC290B52070028F7E9 /* UserCellImageDownloader.swift */; };
		93CF5FE1290B7B520028F7E9 /* UserModelFileManager.swift in Sources */ = {isa = PBXBuildFile; fileRef = 93CF5FE0290B7B520028F7E9 /* UserModelFileManager.swift */; };
		93CF5FE4290BCCE30028F7E9 /* DetailViewController.swift in Sources */ = {isa = PBXBuildFile; fileRef = 93CF5FE3290BCCE30028F7E9 /* DetailViewController.swift */; };
		93CF5FE6290BDF9D0028F7E9 /* UserServiceFileManager.swift in Sources */ = {isa = PBXBuildFile; fileRef = 93CF5FE5290BDF9D0028F7E9 /* UserServiceFileManager.swift */; };
/* End PBXBuildFile section */

/* Begin PBXFileReference section */
		72B4457F2909EFF00047905C /* Github Users.app */ = {isa = PBXFileReference; explicitFileType = wrapper.application; includeInIndex = 0; path = "Github Users.app"; sourceTree = BUILT_PRODUCTS_DIR; };
		72B445822909EFF00047905C /* AppDelegate.swift */ = {isa = PBXFileReference; lastKnownFileType = sourcecode.swift; path = AppDelegate.swift; sourceTree = "<group>"; };
		72B445842909EFF00047905C /* SceneDelegate.swift */ = {isa = PBXFileReference; lastKnownFileType = sourcecode.swift; path = SceneDelegate.swift; sourceTree = "<group>"; };
		72B4458B2909EFF50047905C /* Assets.xcassets */ = {isa = PBXFileReference; lastKnownFileType = folder.assetcatalog; path = Assets.xcassets; sourceTree = "<group>"; };
		72B4458E2909EFF50047905C /* Base */ = {isa = PBXFileReference; lastKnownFileType = file.storyboard; name = Base; path = Base.lproj/LaunchScreen.storyboard; sourceTree = "<group>"; };
		72B445902909EFF50047905C /* Info.plist */ = {isa = PBXFileReference; lastKnownFileType = text.plist.xml; path = Info.plist; sourceTree = "<group>"; };
		93CF5FAE290B138D0028F7E9 /* TabbarController.swift */ = {isa = PBXFileReference; lastKnownFileType = sourcecode.swift; path = TabbarController.swift; sourceTree = "<group>"; };
		93CF5FB6290B190E0028F7E9 /* NetworkManager.swift */ = {isa = PBXFileReference; lastKnownFileType = sourcecode.swift; path = NetworkManager.swift; sourceTree = "<group>"; };
		93CF5FB8290B1B810028F7E9 /* NetworkError.swift */ = {isa = PBXFileReference; lastKnownFileType = sourcecode.swift; path = NetworkError.swift; sourceTree = "<group>"; };
		93CF5FBA290B1CEC0028F7E9 /* GithubUserAPIProtocol.swift */ = {isa = PBXFileReference; lastKnownFileType = sourcecode.swift; path = GithubUserAPIProtocol.swift; sourceTree = "<group>"; };
		93CF5FBD290B1D1B0028F7E9 /* UserModel.swift */ = {isa = PBXFileReference; lastKnownFileType = sourcecode.swift; path = UserModel.swift; sourceTree = "<group>"; };
		93CF5FBF290B1DA60028F7E9 /* GithubUserAPIEndpoint.swift */ = {isa = PBXFileReference; lastKnownFileType = sourcecode.swift; path = GithubUserAPIEndpoint.swift; sourceTree = "<group>"; };
		93CF5FC1290B21030028F7E9 /* GithubUserNetworking.swift */ = {isa = PBXFileReference; lastKnownFileType = sourcecode.swift; path = GithubUserNetworking.swift; sourceTree = "<group>"; };
		93CF5FC4290B23370028F7E9 /* UserService.swift */ = {isa = PBXFileReference; lastKnownFileType = sourcecode.swift; path = UserService.swift; sourceTree = "<group>"; };
		93CF5FC8290B271F0028F7E9 /* HomeViewModel.swift */ = {isa = PBXFileReference; lastKnownFileType = sourcecode.swift; path = HomeViewModel.swift; sourceTree = "<group>"; };
		93CF5FCA290B273C0028F7E9 /* HomeViewController.swift */ = {isa = PBXFileReference; lastKnownFileType = sourcecode.swift; path = HomeViewController.swift; sourceTree = "<group>"; };
		93CF5FCE290B282D0028F7E9 /* FavouriteViewController.swift */ = {isa = PBXFileReference; lastKnownFileType = sourcecode.swift; path = FavouriteViewController.swift; sourceTree = "<group>"; };
		93CF5FD0290B283F0028F7E9 /* FavouriteViewModel.swift */ = {isa = PBXFileReference; lastKnownFileType = sourcecode.swift; path = FavouriteViewModel.swift; sourceTree = "<group>"; };
		93CF5FD5290B30820028F7E9 /* Extensions.swift */ = {isa = PBXFileReference; lastKnownFileType = sourcecode.swift; path = Extensions.swift; sourceTree = "<group>"; };
		93CF5FDA290B3E430028F7E9 /* UserCell.swift */ = {isa = PBXFileReference; lastKnownFileType = sourcecode.swift; path = UserCell.swift; sourceTree = "<group>"; };
		93CF5FDC290B52070028F7E9 /* UserCellImageDownloader.swift */ = {isa = PBXFileReference; lastKnownFileType = sourcecode.swift; path = UserCellImageDownloader.swift; sourceTree = "<group>"; };
		93CF5FE0290B7B520028F7E9 /* UserModelFileManager.swift */ = {isa = PBXFileReference; lastKnownFileType = sourcecode.swift; path = UserModelFileManager.swift; sourceTree = "<group>"; };
		93CF5FE3290BCCE30028F7E9 /* DetailViewController.swift */ = {isa = PBXFileReference; lastKnownFileType = sourcecode.swift; path = DetailViewController.swift; sourceTree = "<group>"; };
		93CF5FE5290BDF9D0028F7E9 /* UserServiceFileManager.swift */ = {isa = PBXFileReference; lastKnownFileType = sourcecode.swift; path = UserServiceFileManager.swift; sourceTree = "<group>"; };
/* End PBXFileReference section */

/* Begin PBXFrameworksBuildPhase section */
		72B4457C2909EFF00047905C /* Frameworks */ = {
			isa = PBXFrameworksBuildPhase;
			buildActionMask = 2147483647;
			files = (
				93CF5FB4290B187D0028F7E9 /* RealmSwift in Frameworks */,
				93CF5FB2290B187D0028F7E9 /* Realm in Frameworks */,
			);
			runOnlyForDeploymentPostprocessing = 0;
		};
/* End PBXFrameworksBuildPhase section */

/* Begin PBXGroup section */
		72B445762909EFF00047905C = {
			isa = PBXGroup;
			children = (
				72B445812909EFF00047905C /* Github Users */,
				72B445802909EFF00047905C /* Products */,
			);
			sourceTree = "<group>";
		};
		72B445802909EFF00047905C /* Products */ = {
			isa = PBXGroup;
			children = (
				72B4457F2909EFF00047905C /* Github Users.app */,
			);
			name = Products;
			sourceTree = "<group>";
		};
		72B445812909EFF00047905C /* Github Users */ = {
			isa = PBXGroup;
			children = (
				93CF5FD7290B33380028F7E9 /* TableCell */,
				93CF5FD4290B30650028F7E9 /* Utilities */,
				93CF5FC6290B26FE0028F7E9 /* Main */,
				93CF5FC3290B231D0028F7E9 /* ServiceManager */,
				93CF5FBC290B1D090028F7E9 /* Models */,
				93CF5FB5290B18F60028F7E9 /* NetworkManager */,
				72B445822909EFF00047905C /* AppDelegate.swift */,
				72B445842909EFF00047905C /* SceneDelegate.swift */,
				72B4458B2909EFF50047905C /* Assets.xcassets */,
				72B4458D2909EFF50047905C /* LaunchScreen.storyboard */,
				72B445902909EFF50047905C /* Info.plist */,
			);
			path = "Github Users";
			sourceTree = "<group>";
		};
		93CF5FB5290B18F60028F7E9 /* NetworkManager */ = {
			isa = PBXGroup;
			children = (
				93CF5FB6290B190E0028F7E9 /* NetworkManager.swift */,
				93CF5FB8290B1B810028F7E9 /* NetworkError.swift */,
				93CF5FBA290B1CEC0028F7E9 /* GithubUserAPIProtocol.swift */,
				93CF5FBF290B1DA60028F7E9 /* GithubUserAPIEndpoint.swift */,
				93CF5FC1290B21030028F7E9 /* GithubUserNetworking.swift */,
			);
			path = NetworkManager;
			sourceTree = "<group>";
		};
		93CF5FBC290B1D090028F7E9 /* Models */ = {
			isa = PBXGroup;
			children = (
				93CF5FBD290B1D1B0028F7E9 /* UserModel.swift */,
			);
			path = Models;
			sourceTree = "<group>";
		};
		93CF5FC3290B231D0028F7E9 /* ServiceManager */ = {
			isa = PBXGroup;
			children = (
				93CF5FC4290B23370028F7E9 /* UserService.swift */,
				93CF5FE5290BDF9D0028F7E9 /* UserServiceFileManager.swift */,
			);
			path = ServiceManager;
			sourceTree = "<group>";
		};
		93CF5FC6290B26FE0028F7E9 /* Main */ = {
			isa = PBXGroup;
			children = (
				93CF5FE2290BCCBE0028F7E9 /* Details */,
				93CF5FCD290B28020028F7E9 /* Favourites */,
				93CF5FCC290B27480028F7E9 /* Tabbar */,
				93CF5FC7290B27060028F7E9 /* Home */,
			);
			path = Main;
			sourceTree = "<group>";
		};
		93CF5FC7290B27060028F7E9 /* Home */ = {
			isa = PBXGroup;
			children = (
				93CF5FC8290B271F0028F7E9 /* HomeViewModel.swift */,
				93CF5FCA290B273C0028F7E9 /* HomeViewController.swift */,
			);
			path = Home;
			sourceTree = "<group>";
		};
		93CF5FCC290B27480028F7E9 /* Tabbar */ = {
			isa = PBXGroup;
			children = (
				93CF5FAE290B138D0028F7E9 /* TabbarController.swift */,
			);
			path = Tabbar;
			sourceTree = "<group>";
		};
		93CF5FCD290B28020028F7E9 /* Favourites */ = {
			isa = PBXGroup;
			children = (
				93CF5FCE290B282D0028F7E9 /* FavouriteViewController.swift */,
				93CF5FD0290B283F0028F7E9 /* FavouriteViewModel.swift */,
			);
			path = Favourites;
			sourceTree = "<group>";
		};
		93CF5FD4290B30650028F7E9 /* Utilities */ = {
			isa = PBXGroup;
			children = (
				93CF5FD5290B30820028F7E9 /* Extensions.swift */,
				93CF5FE0290B7B520028F7E9 /* UserModelFileManager.swift */,
			);
			path = Utilities;
			sourceTree = "<group>";
		};
		93CF5FD7290B33380028F7E9 /* TableCell */ = {
			isa = PBXGroup;
			children = (
				93CF5FDA290B3E430028F7E9 /* UserCell.swift */,
				93CF5FDC290B52070028F7E9 /* UserCellImageDownloader.swift */,
			);
			path = TableCell;
			sourceTree = "<group>";
		};
		93CF5FE2290BCCBE0028F7E9 /* Details */ = {
			isa = PBXGroup;
			children = (
				93CF5FE3290BCCE30028F7E9 /* DetailViewController.swift */,
			);
			path = Details;
			sourceTree = "<group>";
		};
/* End PBXGroup section */

/* Begin PBXNativeTarget section */
		72B4457E2909EFF00047905C /* Github Users */ = {
			isa = PBXNativeTarget;
			buildConfigurationList = 72B445932909EFF50047905C /* Build configuration list for PBXNativeTarget "Github Users" */;
			buildPhases = (
				72B4457B2909EFF00047905C /* Sources */,
				72B4457C2909EFF00047905C /* Frameworks */,
				72B4457D2909EFF00047905C /* Resources */,
			);
			buildRules = (
			);
			dependencies = (
			);
			name = "Github Users";
			packageProductDependencies = (
				93CF5FB1290B187D0028F7E9 /* Realm */,
				93CF5FB3290B187D0028F7E9 /* RealmSwift */,
			);
			productName = "Github Users";
			productReference = 72B4457F2909EFF00047905C /* Github Users.app */;
			productType = "com.apple.product-type.application";
		};
/* End PBXNativeTarget section */

/* Begin PBXProject section */
		72B445772909EFF00047905C /* Project object */ = {
			isa = PBXProject;
			attributes = {
				BuildIndependentTargetsInParallel = 1;
				LastSwiftUpdateCheck = 1340;
				LastUpgradeCheck = 1340;
				TargetAttributes = {
					72B4457E2909EFF00047905C = {
						CreatedOnToolsVersion = 13.4.1;
					};
				};
			};
			buildConfigurationList = 72B4457A2909EFF00047905C /* Build configuration list for PBXProject "Github Users" */;
			compatibilityVersion = "Xcode 13.0";
			developmentRegion = en;
			hasScannedForEncodings = 0;
			knownRegions = (
				en,
				Base,
			);
			mainGroup = 72B445762909EFF00047905C;
			packageReferences = (
				93CF5FB0290B187D0028F7E9 /* XCRemoteSwiftPackageReference "realm-swift" */,
			);
			productRefGroup = 72B445802909EFF00047905C /* Products */;
			projectDirPath = "";
			projectRoot = "";
			targets = (
				72B4457E2909EFF00047905C /* Github Users */,
			);
		};
/* End PBXProject section */

/* Begin PBXResourcesBuildPhase section */
		72B4457D2909EFF00047905C /* Resources */ = {
			isa = PBXResourcesBuildPhase;
			buildActionMask = 2147483647;
			files = (
				72B4458F2909EFF50047905C /* LaunchScreen.storyboard in Resources */,
				72B4458C2909EFF50047905C /* Assets.xcassets in Resources */,
			);
			runOnlyForDeploymentPostprocessing = 0;
		};
/* End PBXResourcesBuildPhase section */

/* Begin PBXSourcesBuildPhase section */
		72B4457B2909EFF00047905C /* Sources */ = {
			isa = PBXSourcesBuildPhase;
			buildActionMask = 2147483647;
			files = (
				93CF5FB7290B190E0028F7E9 /* NetworkManager.swift in Sources */,
				93CF5FC9290B271F0028F7E9 /* HomeViewModel.swift in Sources */,
				93CF5FBE290B1D1B0028F7E9 /* UserModel.swift in Sources */,
				93CF5FAF290B138D0028F7E9 /* TabbarController.swift in Sources */,
				93CF5FDB290B3E430028F7E9 /* UserCell.swift in Sources */,
				93CF5FC0290B1DA60028F7E9 /* GithubUserAPIEndpoint.swift in Sources */,
				93CF5FC2290B21030028F7E9 /* GithubUserNetworking.swift in Sources */,
				72B445832909EFF00047905C /* AppDelegate.swift in Sources */,
				93CF5FC5290B23370028F7E9 /* UserService.swift in Sources */,
				93CF5FD1290B283F0028F7E9 /* FavouriteViewModel.swift in Sources */,
				93CF5FE6290BDF9D0028F7E9 /* UserServiceFileManager.swift in Sources */,
				93CF5FE4290BCCE30028F7E9 /* DetailViewController.swift in Sources */,
				93CF5FCF290B282D0028F7E9 /* FavouriteViewController.swift in Sources */,
				93CF5FD6290B30820028F7E9 /* Extensions.swift in Sources */,
				93CF5FDD290B52070028F7E9 /* UserCellImageDownloader.swift in Sources */,
				72B445852909EFF00047905C /* SceneDelegate.swift in Sources */,
				93CF5FBB290B1CEC0028F7E9 /* GithubUserAPIProtocol.swift in Sources */,
				93CF5FB9290B1B810028F7E9 /* NetworkError.swift in Sources */,
				93CF5FE1290B7B520028F7E9 /* UserModelFileManager.swift in Sources */,
				93CF5FCB290B273C0028F7E9 /* HomeViewController.swift in Sources */,
			);
			runOnlyForDeploymentPostprocessing = 0;
		};
/* End PBXSourcesBuildPhase section */

/* Begin PBXVariantGroup section */
		72B4458D2909EFF50047905C /* LaunchScreen.storyboard */ = {
			isa = PBXVariantGroup;
			children = (
				72B4458E2909EFF50047905C /* Base */,
			);
			name = LaunchScreen.storyboard;
			sourceTree = "<group>";
		};
/* End PBXVariantGroup section */

/* Begin XCBuildConfiguration section */
		72B445912909EFF50047905C /* Debug */ = {
			isa = XCBuildConfiguration;
			buildSettings = {
				ALWAYS_SEARCH_USER_PATHS = NO;
				CLANG_ANALYZER_NONNULL = YES;
				CLANG_ANALYZER_NUMBER_OBJECT_CONVERSION = YES_AGGRESSIVE;
				CLANG_CXX_LANGUAGE_STANDARD = "gnu++17";
				CLANG_ENABLE_MODULES = YES;
				CLANG_ENABLE_OBJC_ARC = YES;
				CLANG_ENABLE_OBJC_WEAK = YES;
				CLANG_WARN_BLOCK_CAPTURE_AUTORELEASING = YES;
				CLANG_WARN_BOOL_CONVERSION = YES;
				CLANG_WARN_COMMA = YES;
				CLANG_WARN_CONSTANT_CONVERSION = YES;
				CLANG_WARN_DEPRECATED_OBJC_IMPLEMENTATIONS = YES;
				CLANG_WARN_DIRECT_OBJC_ISA_USAGE = YES_ERROR;
				CLANG_WARN_DOCUMENTATION_COMMENTS = YES;
				CLANG_WARN_EMPTY_BODY = YES;
				CLANG_WARN_ENUM_CONVERSION = YES;
				CLANG_WARN_INFINITE_RECURSION = YES;
				CLANG_WARN_INT_CONVERSION = YES;
				CLANG_WARN_NON_LITERAL_NULL_CONVERSION = YES;
				CLANG_WARN_OBJC_IMPLICIT_RETAIN_SELF = YES;
				CLANG_WARN_OBJC_LITERAL_CONVERSION = YES;
				CLANG_WARN_OBJC_ROOT_CLASS = YES_ERROR;
				CLANG_WARN_QUOTED_INCLUDE_IN_FRAMEWORK_HEADER = YES;
				CLANG_WARN_RANGE_LOOP_ANALYSIS = YES;
				CLANG_WARN_STRICT_PROTOTYPES = YES;
				CLANG_WARN_SUSPICIOUS_MOVE = YES;
				CLANG_WARN_UNGUARDED_AVAILABILITY = YES_AGGRESSIVE;
				CLANG_WARN_UNREACHABLE_CODE = YES;
				CLANG_WARN__DUPLICATE_METHOD_MATCH = YES;
				COPY_PHASE_STRIP = NO;
				DEBUG_INFORMATION_FORMAT = dwarf;
				ENABLE_STRICT_OBJC_MSGSEND = YES;
				ENABLE_TESTABILITY = YES;
				GCC_C_LANGUAGE_STANDARD = gnu11;
				GCC_DYNAMIC_NO_PIC = NO;
				GCC_NO_COMMON_BLOCKS = YES;
				GCC_OPTIMIZATION_LEVEL = 0;
				GCC_PREPROCESSOR_DEFINITIONS = (
					"DEBUG=1",
					"$(inherited)",
				);
				GCC_WARN_64_TO_32_BIT_CONVERSION = YES;
				GCC_WARN_ABOUT_RETURN_TYPE = YES_ERROR;
				GCC_WARN_UNDECLARED_SELECTOR = YES;
				GCC_WARN_UNINITIALIZED_AUTOS = YES_AGGRESSIVE;
				GCC_WARN_UNUSED_FUNCTION = YES;
				GCC_WARN_UNUSED_VARIABLE = YES;
				IPHONEOS_DEPLOYMENT_TARGET = 15.5;
				MTL_ENABLE_DEBUG_INFO = INCLUDE_SOURCE;
				MTL_FAST_MATH = YES;
				ONLY_ACTIVE_ARCH = YES;
				SDKROOT = iphoneos;
				SWIFT_ACTIVE_COMPILATION_CONDITIONS = DEBUG;
				SWIFT_OPTIMIZATION_LEVEL = "-Onone";
			};
			name = Debug;
		};
		72B445922909EFF50047905C /* Release */ = {
			isa = XCBuildConfiguration;
			buildSettings = {
				ALWAYS_SEARCH_USER_PATHS = NO;
				CLANG_ANALYZER_NONNULL = YES;
				CLANG_ANALYZER_NUMBER_OBJECT_CONVERSION = YES_AGGRESSIVE;
				CLANG_CXX_LANGUAGE_STANDARD = "gnu++17";
				CLANG_ENABLE_MODULES = YES;
				CLANG_ENABLE_OBJC_ARC = YES;
				CLANG_ENABLE_OBJC_WEAK = YES;
				CLANG_WARN_BLOCK_CAPTURE_AUTORELEASING = YES;
				CLANG_WARN_BOOL_CONVERSION = YES;
				CLANG_WARN_COMMA = YES;
				CLANG_WARN_CONSTANT_CONVERSION = YES;
				CLANG_WARN_DEPRECATED_OBJC_IMPLEMENTATIONS = YES;
				CLANG_WARN_DIRECT_OBJC_ISA_USAGE = YES_ERROR;
				CLANG_WARN_DOCUMENTATION_COMMENTS = YES;
				CLANG_WARN_EMPTY_BODY = YES;
				CLANG_WARN_ENUM_CONVERSION = YES;
				CLANG_WARN_INFINITE_RECURSION = YES;
				CLANG_WARN_INT_CONVERSION = YES;
				CLANG_WARN_NON_LITERAL_NULL_CONVERSION = YES;
				CLANG_WARN_OBJC_IMPLICIT_RETAIN_SELF = YES;
				CLANG_WARN_OBJC_LITERAL_CONVERSION = YES;
				CLANG_WARN_OBJC_ROOT_CLASS = YES_ERROR;
				CLANG_WARN_QUOTED_INCLUDE_IN_FRAMEWORK_HEADER = YES;
				CLANG_WARN_RANGE_LOOP_ANALYSIS = YES;
				CLANG_WARN_STRICT_PROTOTYPES = YES;
				CLANG_WARN_SUSPICIOUS_MOVE = YES;
				CLANG_WARN_UNGUARDED_AVAILABILITY = YES_AGGRESSIVE;
				CLANG_WARN_UNREACHABLE_CODE = YES;
				CLANG_WARN__DUPLICATE_METHOD_MATCH = YES;
				COPY_PHASE_STRIP = NO;
				DEBUG_INFORMATION_FORMAT = "dwarf-with-dsym";
				ENABLE_NS_ASSERTIONS = NO;
				ENABLE_STRICT_OBJC_MSGSEND = YES;
				GCC_C_LANGUAGE_STANDARD = gnu11;
				GCC_NO_COMMON_BLOCKS = YES;
				GCC_WARN_64_TO_32_BIT_CONVERSION = YES;
				GCC_WARN_ABOUT_RETURN_TYPE = YES_ERROR;
				GCC_WARN_UNDECLARED_SELECTOR = YES;
				GCC_WARN_UNINITIALIZED_AUTOS = YES_AGGRESSIVE;
				GCC_WARN_UNUSED_FUNCTION = YES;
				GCC_WARN_UNUSED_VARIABLE = YES;
				IPHONEOS_DEPLOYMENT_TARGET = 15.5;
				MTL_ENABLE_DEBUG_INFO = NO;
				MTL_FAST_MATH = YES;
				SDKROOT = iphoneos;
				SWIFT_COMPILATION_MODE = wholemodule;
				SWIFT_OPTIMIZATION_LEVEL = "-O";
				VALIDATE_PRODUCT = YES;
			};
			name = Release;
		};
		72B445942909EFF50047905C /* Debug */ = {
			isa = XCBuildConfiguration;
			buildSettings = {
				ASSETCATALOG_COMPILER_APPICON_NAME = AppIcon;
				ASSETCATALOG_COMPILER_GLOBAL_ACCENT_COLOR_NAME = AccentColor;
				CODE_SIGN_STYLE = Automatic;
				CURRENT_PROJECT_VERSION = 1;
				DEVELOPMENT_TEAM = NHDBVA4HXP;
				GENERATE_INFOPLIST_FILE = YES;
				INFOPLIST_FILE = "Github Users/Info.plist";
				INFOPLIST_KEY_UIApplicationSupportsIndirectInputEvents = YES;
				INFOPLIST_KEY_UILaunchStoryboardName = LaunchScreen;
				INFOPLIST_KEY_UIStatusBarStyle = "";
				INFOPLIST_KEY_UISupportedInterfaceOrientations_iPad = "UIInterfaceOrientationPortrait UIInterfaceOrientationPortraitUpsideDown UIInterfaceOrientationLandscapeLeft UIInterfaceOrientationLandscapeRight";
				INFOPLIST_KEY_UISupportedInterfaceOrientations_iPhone = "UIInterfaceOrientationPortrait UIInterfaceOrientationLandscapeLeft UIInterfaceOrientationLandscapeRight";
				LD_RUNPATH_SEARCH_PATHS = (
					"$(inherited)",
					"@executable_path/Frameworks",
				);
				MARKETING_VERSION = 1.0;
				PRODUCT_BUNDLE_IDENTIFIER = "app.profk.Github-Users";
				PRODUCT_NAME = "$(TARGET_NAME)";
				SWIFT_EMIT_LOC_STRINGS = YES;
				SWIFT_VERSION = 5.0;
				TARGETED_DEVICE_FAMILY = "1,2";
			};
			name = Debug;
		};
		72B445952909EFF50047905C /* Release */ = {
			isa = XCBuildConfiguration;
			buildSettings = {
				ASSETCATALOG_COMPILER_APPICON_NAME = AppIcon;
				ASSETCATALOG_COMPILER_GLOBAL_ACCENT_COLOR_NAME = AccentColor;
				CODE_SIGN_STYLE = Automatic;
				CURRENT_PROJECT_VERSION = 1;
				DEVELOPMENT_TEAM = NHDBVA4HXP;
				GENERATE_INFOPLIST_FILE = YES;
				INFOPLIST_FILE = "Github Users/Info.plist";
				INFOPLIST_KEY_UIApplicationSupportsIndirectInputEvents = YES;
				INFOPLIST_KEY_UILaunchStoryboardName = LaunchScreen;
				INFOPLIST_KEY_UIStatusBarStyle = "";
				INFOPLIST_KEY_UISupportedInterfaceOrientations_iPad = "UIInterfaceOrientationPortrait UIInterfaceOrientationPortraitUpsideDown UIInterfaceOrientationLandscapeLeft UIInterfaceOrientationLandscapeRight";
				INFOPLIST_KEY_UISupportedInterfaceOrientations_iPhone = "UIInterfaceOrientationPortrait UIInterfaceOrientationLandscapeLeft UIInterfaceOrientationLandscapeRight";
				LD_RUNPATH_SEARCH_PATHS = (
					"$(inherited)",
					"@executable_path/Frameworks",
				);
				MARKETING_VERSION = 1.0;
				PRODUCT_BUNDLE_IDENTIFIER = "app.profk.Github-Users";
				PRODUCT_NAME = "$(TARGET_NAME)";
				SWIFT_EMIT_LOC_STRINGS = YES;
				SWIFT_VERSION = 5.0;
				TARGETED_DEVICE_FAMILY = "1,2";
			};
			name = Release;
		};
/* End XCBuildConfiguration section */

/* Begin XCConfigurationList section */
		72B4457A2909EFF00047905C /* Build configuration list for PBXProject "Github Users" */ = {
			isa = XCConfigurationList;
			buildConfigurations = (
				72B445912909EFF50047905C /* Debug */,
				72B445922909EFF50047905C /* Release */,
			);
			defaultConfigurationIsVisible = 0;
			defaultConfigurationName = Release;
		};
		72B445932909EFF50047905C /* Build configuration list for PBXNativeTarget "Github Users" */ = {
			isa = XCConfigurationList;
			buildConfigurations = (
				72B445942909EFF50047905C /* Debug */,
				72B445952909EFF50047905C /* Release */,
			);
			defaultConfigurationIsVisible = 0;
			defaultConfigurationName = Release;
		};
/* End XCConfigurationList section */

/* Begin XCRemoteSwiftPackageReference section */
		93CF5FB0290B187D0028F7E9 /* XCRemoteSwiftPackageReference "realm-swift" */ = {
			isa = XCRemoteSwiftPackageReference;
			repositoryURL = "https://github.com/realm/realm-swift.git";
			requirement = {
				branch = master;
				kind = branch;
			};
		};
/* End XCRemoteSwiftPackageReference section */

/* Begin XCSwiftPackageProductDependency section */
		93CF5FB1290B187D0028F7E9 /* Realm */ = {
			isa = XCSwiftPackageProductDependency;
			package = 93CF5FB0290B187D0028F7E9 /* XCRemoteSwiftPackageReference "realm-swift" */;
			productName = Realm;
		};
		93CF5FB3290B187D0028F7E9 /* RealmSwift */ = {
			isa = XCSwiftPackageProductDependency;
			package = 93CF5FB0290B187D0028F7E9 /* XCRemoteSwiftPackageReference "realm-swift" */;
			productName = RealmSwift;
		};
/* End XCSwiftPackageProductDependency section */
	};
	rootObject = 72B445772909EFF00047905C /* Project object */;
}
